PODS:
  - "Analytics@Practo (3.8.0-beta.1)"

DEPENDENCIES:
  - "Analytics@Practo (from `../../`)"

EXTERNAL SOURCES:
  "Analytics@Practo":
    :path: "../../"

SPEC CHECKSUMS:
  "Analytics@Practo": b2b8da407ad0dccc3246267015b01c25082a5a04

PODFILE CHECKSUM: ea77c8611691b8132b9d1fa0120232be1edafa49

COCOAPODS: 1.8.4
